PODS:
  - TapAdditionsKit/CoreGraphics/CGContext (1.3.3)
  - TapAdditionsKit/CoreGraphics/CGImage (1.3.3):
    - TapAdditionsKit/CoreGraphics/CGContext
  - TapAdditionsKit/CoreGraphics/CGSize (1.3.3):
    - TapAdditionsKit/SwiftStandartLibrary/Numeric
  - TapAdditionsKit/Foundation/Bundle (1.3.3)
  - TapAdditionsKit/Foundation/Locale (1.3.3)
  - TapAdditionsKit/Foundation/NumberFormatter (1.3.3)
  - TapAdditionsKit/ObjectiveC/NSObject (1.3.3)
  - TapAdditionsKit/QuartzCore/CALayer (1.3.3)
  - TapAdditionsKit/SwiftStandartLibrary/Array (1.3.3):
    - TapAdditionsKit/SwiftStandartLibrary/Numeric
  - TapAdditionsKit/SwiftStandartLibrary/Int (1.3.3)
  - TapAdditionsKit/SwiftStandartLibrary/Numeric (1.3.3)
  - TapAdditionsKit/SwiftStandartLibrary/Sequence (1.3.3)
  - TapAdditionsKit/SwiftStandartLibrary/String (1.3.3):
    - TapAdditionsKit/Foundation/Locale
    - TapAdditionsKit/Foundation/NumberFormatter
    - TapAdditionsKit/SwiftStandartLibrary/Int
  - TapAdditionsKit/Tap/ClassProtocol (1.3.3)
  - TapAdditionsKit/Tap/TypeAlias (1.3.3)
  - TapAdditionsKit/UIKit/UIColor (1.3.3):
    - TapAdditionsKit/SwiftStandartLibrary/Array
    - TapAdditionsKit/SwiftStandartLibrary/Int
    - TapAdditionsKit/SwiftStandartLibrary/String
  - TapAdditionsKit/UIKit/UIDevice (1.3.3)
  - TapAdditionsKit/UIKit/UIImage (1.3.3):
    - TapAdditionsKit/CoreGraphics/CGImage
    - TapAdditionsKit/CoreGraphics/CGSize
    - TapAdditionsKit/SwiftStandartLibrary/Array
    - TapAdditionsKit/SwiftStandartLibrary/Sequence
    - TapAdditionsKit/UIKit/UIColor
  - TapAdditionsKit/UIKit/UIScreen (1.3.3)
  - TapAdditionsKit/UIKit/UIView (1.3.3):
    - TapAdditionsKit/UIKit/UIView/AnimationOptions (= 1.3.3)
    - TapAdditionsKit/UIKit/UIView/KeyframeAnimationOptions (= 1.3.3)
    - TapAdditionsKit/UIKit/UIView/UIView (= 1.3.3)
  - TapAdditionsKit/UIKit/UIView/AnimationOptions (1.3.3)
  - TapAdditionsKit/UIKit/UIView/KeyframeAnimationOptions (1.3.3)
  - TapAdditionsKit/UIKit/UIView/UIView (1.3.3):
    - TapAdditionsKit/ObjectiveC/NSObject
    - TapAdditionsKit/QuartzCore/CALayer
    - TapAdditionsKit/SwiftStandartLibrary/String
    - TapAdditionsKit/Tap/TypeAlias
    - TapAdditionsKit/UIKit/UIImage
    - TapAdditionsKit/UIKit/UIScreen
  - TapNibView (1.0.4):
    - TapAdditionsKit/ObjectiveC/NSObject (>= 1.3.3)
    - TapAdditionsKit/Tap/ClassProtocol (>= 1.3.3)
    - TapAdditionsKit/UIKit/UIView (>= 1.3.3)

DEPENDENCIES:
  - TapAdditionsKit/Foundation/Bundle
  - TapAdditionsKit/ObjectiveC/NSObject
  - TapAdditionsKit/UIKit/UIColor
  - TapAdditionsKit/UIKit/UIDevice
  - TapAdditionsKit/UIKit/UIView
  - TapNibView

SPEC REPOS:
  https://github.com/cocoapods/specs.git:
    - TapAdditionsKit
    - TapNibView

SPEC CHECKSUMS:
  TapAdditionsKit: fb2e5e86bdd71ef4778daddb37d9760dbd3071c6
  TapNibView: 6c651d9dbc03a7c91b7051ed7b31ce443f7d898e

PODFILE CHECKSUM: 5df3130bc550bbb16155b921449ef9424b6f0e80

COCOAPODS: 1.7.0.beta.3
