PODS:
  - TapAdditionsKit/CoreGraphics/CGContext (1.2)
  - TapAdditionsKit/CoreGraphics/CGImage (1.2):
    - TapAdditionsKit/CoreGraphics/CGContext
  - TapAdditionsKit/CoreGraphics/CGSize (1.2):
    - TapAdditionsKit/SwiftStandartLibrary/Numeric
  - TapAdditionsKit/Foundation/Bundle (1.2)
  - TapAdditionsKit/Foundation/Locale (1.2)
  - TapAdditionsKit/Foundation/NumberFormatter (1.2)
  - TapAdditionsKit/ObjectiveC/NSObject (1.2)
  - TapAdditionsKit/QuartzCore/CALayer (1.2)
  - TapAdditionsKit/SwiftStandartLibrary/Array (1.2):
    - TapAdditionsKit/SwiftStandartLibrary/Numeric
  - TapAdditionsKit/SwiftStandartLibrary/Int (1.2)
  - TapAdditionsKit/SwiftStandartLibrary/Numeric (1.2)
  - TapAdditionsKit/SwiftStandartLibrary/Sequence (1.2)
  - TapAdditionsKit/SwiftStandartLibrary/String (1.2):
    - TapAdditionsKit/Foundation/Locale
    - TapAdditionsKit/Foundation/NumberFormatter
    - TapAdditionsKit/SwiftStandartLibrary/Int
  - TapAdditionsKit/Tap/ClassProtocol (1.2)
  - TapAdditionsKit/Tap/TypeAlias (1.2)
  - TapAdditionsKit/UIKit/UIColor (1.2):
    - TapAdditionsKit/SwiftStandartLibrary/Array
    - TapAdditionsKit/SwiftStandartLibrary/Int
    - TapAdditionsKit/SwiftStandartLibrary/String
  - TapAdditionsKit/UIKit/UIDevice (1.2)
  - TapAdditionsKit/UIKit/UIImage (1.2):
    - TapAdditionsKit/CoreGraphics/CGImage
    - TapAdditionsKit/CoreGraphics/CGSize
    - TapAdditionsKit/SwiftStandartLibrary/Array
    - TapAdditionsKit/SwiftStandartLibrary/Sequence
    - TapAdditionsKit/UIKit/UIColor
  - TapAdditionsKit/UIKit/UIScreen (1.2)
  - TapAdditionsKit/UIKit/UIView (1.2):
    - TapAdditionsKit/UIKit/UIView/AnimationOptions (= 1.2)
    - TapAdditionsKit/UIKit/UIView/KeyframeAnimationOptions (= 1.2)
    - TapAdditionsKit/UIKit/UIView/UIView (= 1.2)
  - TapAdditionsKit/UIKit/UIView/AnimationOptions (1.2)
  - TapAdditionsKit/UIKit/UIView/KeyframeAnimationOptions (1.2)
  - TapAdditionsKit/UIKit/UIView/UIView (1.2):
    - TapAdditionsKit/ObjectiveC/NSObject
    - TapAdditionsKit/QuartzCore/CALayer
    - TapAdditionsKit/SwiftStandartLibrary/String
    - TapAdditionsKit/Tap/TypeAlias
    - TapAdditionsKit/UIKit/UIImage
    - TapAdditionsKit/UIKit/UIScreen
  - TapNibView (1.0.2):
    - TapAdditionsKit/ObjectiveC/NSObject (>= 1.2)
    - TapAdditionsKit/Tap/ClassProtocol (>= 1.2)
    - TapAdditionsKit/UIKit/UIView (>= 1.2)

DEPENDENCIES:
  - TapAdditionsKit/Foundation/Bundle
  - TapAdditionsKit/ObjectiveC/NSObject
  - TapAdditionsKit/UIKit/UIColor
  - TapAdditionsKit/UIKit/UIDevice
  - TapAdditionsKit/UIKit/UIView
  - TapNibView

SPEC REPOS:
  https://github.com/cocoapods/specs.git:
    - TapAdditionsKit
    - TapNibView

SPEC CHECKSUMS:
  TapAdditionsKit: ec0e7e864ad1590e0c2f62230100e2621499458f
  TapNibView: 3f789102e629d216047f2beeb709a4d00df22e74

PODFILE CHECKSUM: 4626e8cb8c7948c8b32d237e66bbba53426ebe29

COCOAPODS: 1.6.0.beta.1
